// !$*UTF8*$!
{
	archiveVersion = 1;
	classes = {
	};
	objectVersion = 46;
	objects = {

/* Begin PBXBuildFile section */
		1F09BCB31A5731D100C8D0D3 /* main.cpp in Sources */ = {isa = PBXBuildFile; fileRef = 1F09BCB01A5731D100C8D0D3 /* main.cpp */; };
		1F09BCB41A5731D100C8D0D3 /* c-joy-test.cc in Sources */ = {isa = PBXBuildFile; fileRef = 1F09BCB21A5731D100C8D0D3 /* c-joy-test.cc */; };
		1F09BCB61A574F5700C8D0D3 /* SDL2.framework in Frameworks */ = {isa = PBXBuildFile; fileRef = 1F09BCB51A574F5700C8D0D3 /* SDL2.framework */; };
		1F09BCB81A574F9D00C8D0D3 /* libserial.0.0.0.dylib in Frameworks */ = {isa = PBXBuildFile; fileRef = 1F09BCB71A574F9D00C8D0D3 /* libserial.0.0.0.dylib */; };
		1F13F94E1A58D1CB008674F3 /* choppercontrol.cpp in Sources */ = {isa = PBXBuildFile; fileRef = 1F13F94D1A58D1CB008674F3 /* choppercontrol.cpp */; };
		1F13F96A1A59A63B008674F3 /* c-joy-fly-controller.cpp in Sources */ = {isa = PBXBuildFile; fileRef = 1F13F9641A59A63B008674F3 /* c-joy-fly-controller.cpp */; };
		1F13F96B1A59A63B008674F3 /* c-joy-fly-view.cpp in Sources */ = {isa = PBXBuildFile; fileRef = 1F13F9661A59A63B008674F3 /* c-joy-fly-view.cpp */; };
		1F13F96C1A59A63B008674F3 /* c-terminal-view.cpp in Sources */ = {isa = PBXBuildFile; fileRef = 1F13F9681A59A63B008674F3 /* c-terminal-view.cpp */; };
		1F13F9701A61CE79008674F3 /* QtGui.framework in Frameworks */ = {isa = PBXBuildFile; fileRef = 1F13F96F1A61CE79008674F3 /* QtGui.framework */; };
		1F13F9721A61CEFC008674F3 /* QtCore.framework in Frameworks */ = {isa = PBXBuildFile; fileRef = 1F13F9711A61CEFC008674F3 /* QtCore.framework */; };
		1F13F9751A61D0B7008674F3 /* mainwindow.cpp in Sources */ = {isa = PBXBuildFile; fileRef = 1F13F9731A61D0B7008674F3 /* mainwindow.cpp */; };
		1F13F9791A61D60D008674F3 /* mainwindow.ui in Sources */ = {isa = PBXBuildFile; fileRef = 1F13F9761A61D260008674F3 /* mainwindow.ui */; };
/* End PBXBuildFile section */

/* Begin PBXBuildRule section */
		1F13F9781A61D3AD008674F3 /* PBXBuildRule */ = {
			isa = PBXBuildRule;
			compilerSpec = com.apple.compilers.proxy.script;
			filePatterns = "*.ui";
			fileType = pattern.proxy;
			isEditable = 1;
			outputFiles = (
				"${INPUT_FILE_DIR}/GeneratedFiles/ui_${INPUT_FILE_BASE}.h",
				"",
			);
			script = "~/Qt/5.4/clang_64/bin/uic -o ${INPUT_FILE_DIR}/GeneratedFiles/ui_${INPUT_FILE_BASE}.h ${INPUT_FILE_PATH}\n";
		};
/* End PBXBuildRule section */

/* Begin PBXCopyFilesBuildPhase section */
		1F09BCA41A57318900C8D0D3 /* CopyFiles */ = {
			isa = PBXCopyFilesBuildPhase;
			buildActionMask = 2147483647;
			dstPath = /usr/share/man/man1/;
			dstSubfolderSpec = 0;
			files = (
			);
			runOnlyForDeploymentPostprocessing = 1;
		};
/* End PBXCopyFilesBuildPhase section */

/* Begin PBXFileReference section */
		1F09BCA61A57318900C8D0D3 /* joyfly-cpp */ = {isa = PBXFileReference; explicitFileType = "compiled.mach-o.executable"; includeInIndex = 0; path = "joyfly-cpp"; sourceTree = BUILT_PRODUCTS_DIR; };
		1F09BCB01A5731D100C8D0D3 /* main.cpp */ = {isa = PBXFileReference; fileEncoding = 4; lastKnownFileType = sourcecode.cpp.cpp; name = main.cpp; path = src/main.cpp; sourceTree = "<group>"; };
		1F09BCB11A5731D100C8D0D3 /* c-joy-test.h */ = {isa = PBXFileReference; fileEncoding = 4; lastKnownFileType = sourcecode.c.h; name = "c-joy-test.h"; path = "src/c-joy-test.h"; sourceTree = "<group>"; };
		1F09BCB21A5731D100C8D0D3 /* c-joy-test.cc */ = {isa = PBXFileReference; fileEncoding = 4; lastKnownFileType = sourcecode.cpp.cpp; name = "c-joy-test.cc"; path = "src/c-joy-test.cc"; sourceTree = "<group>"; };
		1F09BCB51A574F5700C8D0D3 /* SDL2.framework */ = {isa = PBXFileReference; lastKnownFileType = wrapper.framework; name = SDL2.framework; path = ../../../../../../../Library/Frameworks/SDL2.framework; sourceTree = "<group>"; };
		1F09BCB71A574F9D00C8D0D3 /* libserial.0.0.0.dylib */ = {isa = PBXFileReference; lastKnownFileType = "compiled.mach-o.dylib"; name = libserial.0.0.0.dylib; path = "../libserial-0.5.2/lib/lib/libserial.0.0.0.dylib"; sourceTree = "<group>"; };
		1F13F94C1A58D0DF008674F3 /* choppercontrol.h */ = {isa = PBXFileReference; fileEncoding = 4; lastKnownFileType = sourcecode.c.h; name = choppercontrol.h; path = src/choppercontrol.h; sourceTree = "<group>"; };
		1F13F94D1A58D1CB008674F3 /* choppercontrol.cpp */ = {isa = PBXFileReference; fileEncoding = 4; lastKnownFileType = sourcecode.cpp.cpp; name = choppercontrol.cpp; path = src/choppercontrol.cpp; sourceTree = "<group>"; };
		1F13F9641A59A63B008674F3 /* c-joy-fly-controller.cpp */ = {isa = PBXFileReference; fileEncoding = 4; lastKnownFileType = sourcecode.cpp.cpp; name = "c-joy-fly-controller.cpp"; path = "src/c-joy-fly-controller.cpp"; sourceTree = "<group>"; };
		1F13F9651A59A63B008674F3 /* c-joy-fly-controller.h */ = {isa = PBXFileReference; fileEncoding = 4; lastKnownFileType = sourcecode.c.h; name = "c-joy-fly-controller.h"; path = "src/c-joy-fly-controller.h"; sourceTree = "<group>"; };
		1F13F9661A59A63B008674F3 /* c-joy-fly-view.cpp */ = {isa = PBXFileReference; fileEncoding = 4; lastKnownFileType = sourcecode.cpp.cpp; name = "c-joy-fly-view.cpp"; path = "src/c-joy-fly-view.cpp"; sourceTree = "<group>"; };
		1F13F9671A59A63B008674F3 /* c-joy-fly-view.h */ = {isa = PBXFileReference; fileEncoding = 4; lastKnownFileType = sourcecode.c.h; name = "c-joy-fly-view.h"; path = "src/c-joy-fly-view.h"; sourceTree = "<group>"; };
		1F13F9681A59A63B008674F3 /* c-terminal-view.cpp */ = {isa = PBXFileReference; fileEncoding = 4; lastKnownFileType = sourcecode.cpp.cpp; name = "c-terminal-view.cpp"; path = "src/c-terminal-view.cpp"; sourceTree = "<group>"; };
		1F13F9691A59A63B008674F3 /* c-terminal-view.h */ = {isa = PBXFileReference; fileEncoding = 4; lastKnownFileType = sourcecode.c.h; name = "c-terminal-view.h"; path = "src/c-terminal-view.h"; sourceTree = "<group>"; };
		1F13F96D1A61CE21008674F3 /* QTKit.framework */ = {isa = PBXFileReference; lastKnownFileType = wrapper.framework; name = QTKit.framework; path = System/Library/Frameworks/QTKit.framework; sourceTree = SDKROOT; };
		1F13F96F1A61CE79008674F3 /* QtGui.framework */ = {isa = PBXFileReference; lastKnownFileType = wrapper.framework; name = QtGui.framework; path = ../../../../Qt/5.4/clang_64/lib/QtGui.framework; sourceTree = "<group>"; };
		1F13F9711A61CEFC008674F3 /* QtCore.framework */ = {isa = PBXFileReference; lastKnownFileType = wrapper.framework; name = QtCore.framework; path = ../../../../Qt/5.4/clang_64/lib/QtCore.framework; sourceTree = "<group>"; };
		1F13F9731A61D0B7008674F3 /* mainwindow.cpp */ = {isa = PBXFileReference; fileEncoding = 4; lastKnownFileType = sourcecode.cpp.cpp; name = mainwindow.cpp; path = src/mainwindow.cpp; sourceTree = "<group>"; };
		1F13F9741A61D0B7008674F3 /* mainwindow.h */ = {isa = PBXFileReference; fileEncoding = 4; lastKnownFileType = sourcecode.c.h; name = mainwindow.h; path = src/mainwindow.h; sourceTree = "<group>"; };
		1F13F9761A61D260008674F3 /* mainwindow.ui */ = {isa = PBXFileReference; fileEncoding = 4; lastKnownFileType = text; name = mainwindow.ui; path = src/mainwindow.ui; sourceTree = "<group>"; };
/* End PBXFileReference section */

/* Begin PBXFrameworksBuildPhase section */
		1F09BCA31A57318900C8D0D3 /* Frameworks */ = {
			isa = PBXFrameworksBuildPhase;
			buildActionMask = 2147483647;
			files = (
				1F13F9721A61CEFC008674F3 /* QtCore.framework in Frameworks */,
				1F13F9701A61CE79008674F3 /* QtGui.framework in Frameworks */,
				1F09BCB81A574F9D00C8D0D3 /* libserial.0.0.0.dylib in Frameworks */,
				1F09BCB61A574F5700C8D0D3 /* SDL2.framework in Frameworks */,
			);
			runOnlyForDeploymentPostprocessing = 0;
		};
/* End PBXFrameworksBuildPhase section */

/* Begin PBXGroup section */
		1F09BC9D1A57318900C8D0D3 = {
			isa = PBXGroup;
			children = (
				1F13F9761A61D260008674F3 /* mainwindow.ui */,
				1F13F9731A61D0B7008674F3 /* mainwindow.cpp */,
				1F13F9741A61D0B7008674F3 /* mainwindow.h */,
				1F13F9711A61CEFC008674F3 /* QtCore.framework */,
				1F13F96F1A61CE79008674F3 /* QtGui.framework */,
				1F13F96D1A61CE21008674F3 /* QTKit.framework */,
				1F13F9641A59A63B008674F3 /* c-joy-fly-controller.cpp */,
				1F13F9651A59A63B008674F3 /* c-joy-fly-controller.h */,
				1F13F9661A59A63B008674F3 /* c-joy-fly-view.cpp */,
				1F13F9671A59A63B008674F3 /* c-joy-fly-view.h */,
				1F13F9681A59A63B008674F3 /* c-terminal-view.cpp */,
				1F13F9691A59A63B008674F3 /* c-terminal-view.h */,
				1F13F94D1A58D1CB008674F3 /* choppercontrol.cpp */,
				1F13F94C1A58D0DF008674F3 /* choppercontrol.h */,
				1F09BCB71A574F9D00C8D0D3 /* libserial.0.0.0.dylib */,
				1F09BCB51A574F5700C8D0D3 /* SDL2.framework */,
				1F09BCB01A5731D100C8D0D3 /* main.cpp */,
				1F09BCB11A5731D100C8D0D3 /* c-joy-test.h */,
				1F09BCB21A5731D100C8D0D3 /* c-joy-test.cc */,
				1F09BCA71A57318900C8D0D3 /* Products */,
			);
			sourceTree = "<group>";
		};
		1F09BCA71A57318900C8D0D3 /* Products */ = {
			isa = PBXGroup;
			children = (
				1F09BCA61A57318900C8D0D3 /* joyfly-cpp */,
			);
			name = Products;
			sourceTree = "<group>";
		};
/* End PBXGroup section */

/* Begin PBXNativeTarget section */
		1F09BCA51A57318900C8D0D3 /* joyfly-cpp */ = {
			isa = PBXNativeTarget;
			buildConfigurationList = 1F09BCAD1A57318900C8D0D3 /* Build configuration list for PBXNativeTarget "joyfly-cpp" */;
			buildPhases = (
				1F09BCA21A57318900C8D0D3 /* Sources */,
				1F09BCA31A57318900C8D0D3 /* Frameworks */,
				1F09BCA41A57318900C8D0D3 /* CopyFiles */,
			);
			buildRules = (
				1F13F9781A61D3AD008674F3 /* PBXBuildRule */,
			);
			dependencies = (
			);
			name = "joyfly-cpp";
			productName = "joyfly-cpp";
			productReference = 1F09BCA61A57318900C8D0D3 /* joyfly-cpp */;
			productType = "com.apple.product-type.tool";
		};
/* End PBXNativeTarget section */

/* Begin PBXProject section */
		1F09BC9E1A57318900C8D0D3 /* Project object */ = {
			isa = PBXProject;
			attributes = {
				LastUpgradeCheck = 0610;
				ORGANIZATIONNAME = "Very Unorganized";
				TargetAttributes = {
					1F09BCA51A57318900C8D0D3 = {
						CreatedOnToolsVersion = 6.1.1;
					};
				};
			};
			buildConfigurationList = 1F09BCA11A57318900C8D0D3 /* Build configuration list for PBXProject "joyfly-cpp" */;
			compatibilityVersion = "Xcode 3.2";
			developmentRegion = English;
			hasScannedForEncodings = 0;
			knownRegions = (
				en,
			);
			mainGroup = 1F09BC9D1A57318900C8D0D3;
			productRefGroup = 1F09BCA71A57318900C8D0D3 /* Products */;
			projectDirPath = "";
			projectRoot = "";
			targets = (
				1F09BCA51A57318900C8D0D3 /* joyfly-cpp */,
			);
		};
/* End PBXProject section */

/* Begin PBXSourcesBuildPhase section */
		1F09BCA21A57318900C8D0D3 /* Sources */ = {
			isa = PBXSourcesBuildPhase;
			buildActionMask = 2147483647;
			files = (
				1F13F9791A61D60D008674F3 /* mainwindow.ui in Sources */,
				1F13F96A1A59A63B008674F3 /* c-joy-fly-controller.cpp in Sources */,
				1F09BCB41A5731D100C8D0D3 /* c-joy-test.cc in Sources */,
				1F13F9751A61D0B7008674F3 /* mainwindow.cpp in Sources */,
				1F13F96B1A59A63B008674F3 /* c-joy-fly-view.cpp in Sources */,
				1F09BCB31A5731D100C8D0D3 /* main.cpp in Sources */,
				1F13F96C1A59A63B008674F3 /* c-terminal-view.cpp in Sources */,
				1F13F94E1A58D1CB008674F3 /* choppercontrol.cpp in Sources */,
			);
			runOnlyForDeploymentPostprocessing = 0;
		};
/* End PBXSourcesBuildPhase section */

/* Begin XCBuildConfiguration section */
		1F09BCAB1A57318900C8D0D3 /* Debug */ = {
			isa = XCBuildConfiguration;
			buildSettings = {
				ALWAYS_SEARCH_USER_PATHS = NO;
				CLANG_CXX_LANGUAGE_STANDARD = "gnu++0x";
				CLANG_CXX_LIBRARY = "libc++";
				CLANG_ENABLE_MODULES = YES;
				CLANG_ENABLE_OBJC_ARC = YES;
				CLANG_WARN_BOOL_CONVERSION = YES;
				CLANG_WARN_CONSTANT_CONVERSION = YES;
				CLANG_WARN_DIRECT_OBJC_ISA_USAGE = YES_ERROR;
				CLANG_WARN_EMPTY_BODY = YES;
				CLANG_WARN_ENUM_CONVERSION = YES;
				CLANG_WARN_INT_CONVERSION = YES;
				CLANG_WARN_OBJC_ROOT_CLASS = YES_ERROR;
				CLANG_WARN_UNREACHABLE_CODE = YES;
				CLANG_WARN__DUPLICATE_METHOD_MATCH = YES;
				COPY_PHASE_STRIP = NO;
				ENABLE_STRICT_OBJC_MSGSEND = YES;
				GCC_C_LANGUAGE_STANDARD = gnu99;
				GCC_DYNAMIC_NO_PIC = NO;
				GCC_OPTIMIZATION_LEVEL = 0;
				GCC_PREPROCESSOR_DEFINITIONS = (
					"DEBUG=1",
					"$(inherited)",
				);
				GCC_SYMBOLS_PRIVATE_EXTERN = NO;
				GCC_WARN_64_TO_32_BIT_CONVERSION = YES;
				GCC_WARN_ABOUT_RETURN_TYPE = YES_ERROR;
				GCC_WARN_UNDECLARED_SELECTOR = YES;
				GCC_WARN_UNINITIALIZED_AUTOS = YES_AGGRESSIVE;
				GCC_WARN_UNUSED_FUNCTION = YES;
				GCC_WARN_UNUSED_VARIABLE = YES;
				MACOSX_DEPLOYMENT_TARGET = 10.10;
				MTL_ENABLE_DEBUG_INFO = YES;
				ONLY_ACTIVE_ARCH = YES;
				SDKROOT = macosx;
			};
			name = Debug;
		};
		1F09BCAC1A57318900C8D0D3 /* Release */ = {
			isa = XCBuildConfiguration;
			buildSettings = {
				ALWAYS_SEARCH_USER_PATHS = NO;
				CLANG_CXX_LANGUAGE_STANDARD = "gnu++0x";
				CLANG_CXX_LIBRARY = "libc++";
				CLANG_ENABLE_MODULES = YES;
				CLANG_ENABLE_OBJC_ARC = YES;
				CLANG_WARN_BOOL_CONVERSION = YES;
				CLANG_WARN_CONSTANT_CONVERSION = YES;
				CLANG_WARN_DIRECT_OBJC_ISA_USAGE = YES_ERROR;
				CLANG_WARN_EMPTY_BODY = YES;
				CLANG_WARN_ENUM_CONVERSION = YES;
				CLANG_WARN_INT_CONVERSION = YES;
				CLANG_WARN_OBJC_ROOT_CLASS = YES_ERROR;
				CLANG_WARN_UNREACHABLE_CODE = YES;
				CLANG_WARN__DUPLICATE_METHOD_MATCH = YES;
				COPY_PHASE_STRIP = YES;
				DEBUG_INFORMATION_FORMAT = "dwarf-with-dsym";
				ENABLE_NS_ASSERTIONS = NO;
				ENABLE_STRICT_OBJC_MSGSEND = YES;
				GCC_C_LANGUAGE_STANDARD = gnu99;
				GCC_WARN_64_TO_32_BIT_CONVERSION = YES;
				GCC_WARN_ABOUT_RETURN_TYPE = YES_ERROR;
				GCC_WARN_UNDECLARED_SELECTOR = YES;
				GCC_WARN_UNINITIALIZED_AUTOS = YES_AGGRESSIVE;
				GCC_WARN_UNUSED_FUNCTION = YES;
				GCC_WARN_UNUSED_VARIABLE = YES;
				MACOSX_DEPLOYMENT_TARGET = 10.10;
				MTL_ENABLE_DEBUG_INFO = NO;
				SDKROOT = macosx;
			};
			name = Release;
		};
		1F09BCAE1A57318900C8D0D3 /* Debug */ = {
			isa = XCBuildConfiguration;
			buildSettings = {
				ADDITIONAL_SDKS = /Library/Frameworks/SDL2.framework;
				FRAMEWORK_SEARCH_PATHS = (
					"/Library/Frameworks/**",
					"$(LOCAL_LIBRARY_DIR)/Frameworks",
					/Users/esanbockd/Qt/5.4/clang_64/lib,
				);
				HEADER_SEARCH_PATHS = (
					"$(inherited)",
					/Applications/Xcode.app/Contents/Developer/Toolchains/XcodeDefault.xctoolchain/usr/include,
					"/Library/Frameworks/SDL2.framework/**",
					"/Users/esanbockd/Documents/Development/cpp/libserial-0.5.2/lib/include",
					"/Users/esanbockd/Qt/5.4/clang_64/lib/QtCore.framework/**",
					"/Users/esanbockd/Qt/5.4/clang_64/lib/QtGui.framework/**",
					"/Users/esanbockd/Qt/5.4/clang_64/lib/QtWidgets.framework/**",
				);
				LIBRARY_SEARCH_PATHS = (
					"$(inherited)",
					"/Users/esanbockd/Documents/Development/cpp/libserial-0.5.2/lib/lib",
				);
				PRODUCT_NAME = "$(TARGET_NAME)";
				USER_HEADER_SEARCH_PATHS = "";
			};
			name = Debug;
		};
		1F09BCAF1A57318900C8D0D3 /* Release */ = {
			isa = XCBuildConfiguration;
			buildSettings = {
				ADDITIONAL_SDKS = /Library/Frameworks/SDL2.framework;
				FRAMEWORK_SEARCH_PATHS = (
					"/Library/Frameworks/**",
					"$(LOCAL_LIBRARY_DIR)/Frameworks",
					/Users/esanbockd/Qt/5.4/clang_64/lib,
				);
				HEADER_SEARCH_PATHS = (
					"$(inherited)",
					/Applications/Xcode.app/Contents/Developer/Toolchains/XcodeDefault.xctoolchain/usr/include,
					"/Library/Frameworks/SDL2.framework/**",
					"/Users/esanbockd/Documents/Development/cpp/libserial-0.5.2/lib/include",
					"/Users/esanbockd/Qt/5.4/clang_64/lib/QtCore.framework/**",
					"/Users/esanbockd/Qt/5.4/clang_64/lib/QtGui.framework/**",
					"/Users/esanbockd/Qt/5.4/clang_64/lib/QtWidgets.framework/**",
				);
				LIBRARY_SEARCH_PATHS = (
					"$(inherited)",
					"/Users/esanbockd/Documents/Development/cpp/libserial-0.5.2/lib/lib",
				);
				PRODUCT_NAME = "$(TARGET_NAME)";
				USER_HEADER_SEARCH_PATHS = "";
			};
			name = Release;
		};
/* End XCBuildConfiguration section */

/* Begin XCConfigurationList section */
		1F09BCA11A57318900C8D0D3 /* Build configuration list for PBXProject "joyfly-cpp" */ = {
			isa = XCConfigurationList;
			buildConfigurations = (
				1F09BCAB1A57318900C8D0D3 /* Debug */,
				1F09BCAC1A57318900C8D0D3 /* Release */,
			);
			defaultConfigurationIsVisible = 0;
			defaultConfigurationName = Release;
		};
		1F09BCAD1A57318900C8D0D3 /* Build configuration list for PBXNativeTarget "joyfly-cpp" */ = {
			isa = XCConfigurationList;
			buildConfigurations = (
				1F09BCAE1A57318900C8D0D3 /* Debug */,
				1F09BCAF1A57318900C8D0D3 /* Release */,
			);
			defaultConfigurationIsVisible = 0;
			defaultConfigurationName = Release;
		};
/* End XCConfigurationList section */
	};
	rootObject = 1F09BC9E1A57318900C8D0D3 /* Project object */;
}
